// !$*UTF8*$!
{
	archiveVersion = 1;
	classes = {
	};
	objectVersion = 50;
	objects = {

/* Begin PBXBuildFile section */
		69E9639A257B521500FC9925 /* LetMeKnowMyIDFAApp.swift in Sources */ = {isa = PBXBuildFile; fileRef = 69E96399257B521500FC9925 /* LetMeKnowMyIDFAApp.swift */; };
		69E9639C257B521500FC9925 /* ContentView.swift in Sources */ = {isa = PBXBuildFile; fileRef = 69E9639B257B521500FC9925 /* ContentView.swift */; };
		69E9639E257B521700FC9925 /* Assets.xcassets in Resources */ = {isa = PBXBuildFile; fileRef = 69E9639D257B521700FC9925 /* Assets.xcassets */; };
		69E963A1257B521700FC9925 /* Preview Assets.xcassets in Resources */ = {isa = PBXBuildFile; fileRef = 69E963A0257B521700FC9925 /* Preview Assets.xcassets */; };
		69E963AA257B5ABD00FC9925 /* ColorExtension.swift in Sources */ = {isa = PBXBuildFile; fileRef = 69E963A9257B5ABD00FC9925 /* ColorExtension.swift */; };
/* End PBXBuildFile section */

/* Begin PBXFileReference section */
		69E96396257B521500FC9925 /* LetMeKnowMyIDFA.app */ = {isa = PBXFileReference; explicitFileType = wrapper.application; includeInIndex = 0; path = LetMeKnowMyIDFA.app; sourceTree = BUILT_PRODUCTS_DIR; };
		69E96399257B521500FC9925 /* LetMeKnowMyIDFAApp.swift */ = {isa = PBXFileReference; lastKnownFileType = sourcecode.swift; path = LetMeKnowMyIDFAApp.swift; sourceTree = "<group>"; };
		69E9639B257B521500FC9925 /* ContentView.swift */ = {isa = PBXFileReference; lastKnownFileType = sourcecode.swift; path = ContentView.swift; sourceTree = "<group>"; };
		69E9639D257B521700FC9925 /* Assets.xcassets */ = {isa = PBXFileReference; lastKnownFileType = folder.assetcatalog; path = Assets.xcassets; sourceTree = "<group>"; };
		69E963A0257B521700FC9925 /* Preview Assets.xcassets */ = {isa = PBXFileReference; lastKnownFileType = folder.assetcatalog; path = "Preview Assets.xcassets"; sourceTree = "<group>"; };
		69E963A2257B521700FC9925 /* Info.plist */ = {isa = PBXFileReference; lastKnownFileType = text.plist.xml; path = Info.plist; sourceTree = "<group>"; };
		69E963A9257B5ABD00FC9925 /* ColorExtension.swift */ = {isa = PBXFileReference; lastKnownFileType = sourcecode.swift; path = ColorExtension.swift; sourceTree = "<group>"; };
/* End PBXFileReference section */

/* Begin PBXFrameworksBuildPhase section */
		69E96393257B521500FC9925 /* Frameworks */ = {
			isa = PBXFrameworksBuildPhase;
			buildActionMask = 2147483647;
			files = (
			);
			runOnlyForDeploymentPostprocessing = 0;
		};
/* End PBXFrameworksBuildPhase section */

/* Begin PBXGroup section */
		69E9638D257B521500FC9925 = {
			isa = PBXGroup;
			children = (
				69E96398257B521500FC9925 /* LetMeKnowMyIDFA */,
				69E96397257B521500FC9925 /* Products */,
			);
			sourceTree = "<group>";
		};
		69E96397257B521500FC9925 /* Products */ = {
			isa = PBXGroup;
			children = (
				69E96396257B521500FC9925 /* LetMeKnowMyIDFA.app */,
			);
			name = Products;
			sourceTree = "<group>";
		};
		69E96398257B521500FC9925 /* LetMeKnowMyIDFA */ = {
			isa = PBXGroup;
			children = (
				69E96399257B521500FC9925 /* LetMeKnowMyIDFAApp.swift */,
				69E9639B257B521500FC9925 /* ContentView.swift */,
				69E963A9257B5ABD00FC9925 /* ColorExtension.swift */,
				69E9639D257B521700FC9925 /* Assets.xcassets */,
				69E963A2257B521700FC9925 /* Info.plist */,
				69E9639F257B521700FC9925 /* Preview Content */,
			);
			path = LetMeKnowMyIDFA;
			sourceTree = "<group>";
		};
		69E9639F257B521700FC9925 /* Preview Content */ = {
			isa = PBXGroup;
			children = (
				69E963A0257B521700FC9925 /* Preview Assets.xcassets */,
			);
			path = "Preview Content";
			sourceTree = "<group>";
		};
/* End PBXGroup section */

/* Begin PBXNativeTarget section */
		69E96395257B521500FC9925 /* LetMeKnowMyIDFA */ = {
			isa = PBXNativeTarget;
			buildConfigurationList = 69E963A5257B521700FC9925 /* Build configuration list for PBXNativeTarget "LetMeKnowMyIDFA" */;
			buildPhases = (
				69E96392257B521500FC9925 /* Sources */,
				69E96393257B521500FC9925 /* Frameworks */,
				69E96394257B521500FC9925 /* Resources */,
			);
			buildRules = (
			);
			dependencies = (
			);
			name = LetMeKnowMyIDFA;
			productName = LetMeKnowMyIDFA;
			productReference = 69E96396257B521500FC9925 /* LetMeKnowMyIDFA.app */;
			productType = "com.apple.product-type.application";
		};
/* End PBXNativeTarget section */

/* Begin PBXProject section */
		69E9638E257B521500FC9925 /* Project object */ = {
			isa = PBXProject;
			attributes = {
				LastSwiftUpdateCheck = 1220;
				LastUpgradeCheck = 1220;
				TargetAttributes = {
					69E96395257B521500FC9925 = {
						CreatedOnToolsVersion = 12.2;
					};
				};
			};
			buildConfigurationList = 69E96391257B521500FC9925 /* Build configuration list for PBXProject "LetMeKnowMyIDFA" */;
			compatibilityVersion = "Xcode 9.3";
			developmentRegion = en;
			hasScannedForEncodings = 0;
			knownRegions = (
				en,
				Base,
			);
			mainGroup = 69E9638D257B521500FC9925;
			productRefGroup = 69E96397257B521500FC9925 /* Products */;
			projectDirPath = "";
			projectRoot = "";
			targets = (
				69E96395257B521500FC9925 /* LetMeKnowMyIDFA */,
			);
		};
/* End PBXProject section */

/* Begin PBXResourcesBuildPhase section */
		69E96394257B521500FC9925 /* Resources */ = {
			isa = PBXResourcesBuildPhase;
			buildActionMask = 2147483647;
			files = (
				69E963A1257B521700FC9925 /* Preview Assets.xcassets in Resources */,
				69E9639E257B521700FC9925 /* Assets.xcassets in Resources */,
			);
			runOnlyForDeploymentPostprocessing = 0;
		};
/* End PBXResourcesBuildPhase section */

/* Begin PBXSourcesBuildPhase section */
		69E96392257B521500FC9925 /* Sources */ = {
			isa = PBXSourcesBuildPhase;
			buildActionMask = 2147483647;
			files = (
				69E9639C257B521500FC9925 /* ContentView.swift in Sources */,
				69E9639A257B521500FC9925 /* LetMeKnowMyIDFAApp.swift in Sources */,
				69E963AA257B5ABD00FC9925 /* ColorExtension.swift in Sources */,
			);
			runOnlyForDeploymentPostprocessing = 0;
		};
/* End PBXSourcesBuildPhase section */

/* Begin XCBuildConfiguration section */
		69E963A3257B521700FC9925 /* Debug */ = {
			isa = XCBuildConfiguration;
			buildSettings = {
				ALWAYS_SEARCH_USER_PATHS = NO;
				CLANG_ANALYZER_NONNULL = YES;
				CLANG_ANALYZER_NUMBER_OBJECT_CONVERSION = YES_AGGRESSIVE;
				CLANG_CXX_LANGUAGE_STANDARD = "gnu++14";
				CLANG_CXX_LIBRARY = "libc++";
				CLANG_ENABLE_MODULES = YES;
				CLANG_ENABLE_OBJC_ARC = YES;
				CLANG_ENABLE_OBJC_WEAK = YES;
				CLANG_WARN_BLOCK_CAPTURE_AUTORELEASING = YES;
				CLANG_WARN_BOOL_CONVERSION = YES;
				CLANG_WARN_COMMA = YES;
				CLANG_WARN_CONSTANT_CONVERSION = YES;
				CLANG_WARN_DEPRECATED_OBJC_IMPLEMENTATIONS = YES;
				CLANG_WARN_DIRECT_OBJC_ISA_USAGE = YES_ERROR;
				CLANG_WARN_DOCUMENTATION_COMMENTS = YES;
				CLANG_WARN_EMPTY_BODY = YES;
				CLANG_WARN_ENUM_CONVERSION = YES;
				CLANG_WARN_INFINITE_RECURSION = YES;
				CLANG_WARN_INT_CONVERSION = YES;
				CLANG_WARN_NON_LITERAL_NULL_CONVERSION = YES;
				CLANG_WARN_OBJC_IMPLICIT_RETAIN_SELF = YES;
				CLANG_WARN_OBJC_LITERAL_CONVERSION = YES;
				CLANG_WARN_OBJC_ROOT_CLASS = YES_ERROR;
				CLANG_WARN_QUOTED_INCLUDE_IN_FRAMEWORK_HEADER = YES;
				CLANG_WARN_RANGE_LOOP_ANALYSIS = YES;
				CLANG_WARN_STRICT_PROTOTYPES = YES;
				CLANG_WARN_SUSPICIOUS_MOVE = YES;
				CLANG_WARN_UNGUARDED_AVAILABILITY = YES_AGGRESSIVE;
				CLANG_WARN_UNREACHABLE_CODE = YES;
				CLANG_WARN__DUPLICATE_METHOD_MATCH = YES;
				COPY_PHASE_STRIP = NO;
				DEBUG_INFORMATION_FORMAT = dwarf;
				ENABLE_STRICT_OBJC_MSGSEND = YES;
				ENABLE_TESTABILITY = YES;
				GCC_C_LANGUAGE_STANDARD = gnu11;
				GCC_DYNAMIC_NO_PIC = NO;
				GCC_NO_COMMON_BLOCKS = YES;
				GCC_OPTIMIZATION_LEVEL = 0;
				GCC_PREPROCESSOR_DEFINITIONS = (
					"DEBUG=1",
					"$(inherited)",
				);
				GCC_WARN_64_TO_32_BIT_CONVERSION = YES;
				GCC_WARN_ABOUT_RETURN_TYPE = YES_ERROR;
				GCC_WARN_UNDECLARED_SELECTOR = YES;
				GCC_WARN_UNINITIALIZED_AUTOS = YES_AGGRESSIVE;
				GCC_WARN_UNUSED_FUNCTION = YES;
				GCC_WARN_UNUSED_VARIABLE = YES;
				IPHONEOS_DEPLOYMENT_TARGET = 14.2;
				MTL_ENABLE_DEBUG_INFO = INCLUDE_SOURCE;
				MTL_FAST_MATH = YES;
				ONLY_ACTIVE_ARCH = YES;
				SDKROOT = iphoneos;
				SWIFT_ACTIVE_COMPILATION_CONDITIONS = DEBUG;
				SWIFT_OPTIMIZATION_LEVEL = "-Onone";
			};
			name = Debug;
		};
		69E963A4257B521700FC9925 /* Release */ = {
			isa = XCBuildConfiguration;
			buildSettings = {
				ALWAYS_SEARCH_USER_PATHS = NO;
				CLANG_ANALYZER_NONNULL = YES;
				CLANG_ANALYZER_NUMBER_OBJECT_CONVERSION = YES_AGGRESSIVE;
				CLANG_CXX_LANGUAGE_STANDARD = "gnu++14";
				CLANG_CXX_LIBRARY = "libc++";
				CLANG_ENABLE_MODULES = YES;
				CLANG_ENABLE_OBJC_ARC = YES;
				CLANG_ENABLE_OBJC_WEAK = YES;
				CLANG_WARN_BLOCK_CAPTURE_AUTORELEASING = YES;
				CLANG_WARN_BOOL_CONVERSION = YES;
				CLANG_WARN_COMMA = YES;
				CLANG_WARN_CONSTANT_CONVERSION = YES;
				CLANG_WARN_DEPRECATED_OBJC_IMPLEMENTATIONS = YES;
				CLANG_WARN_DIRECT_OBJC_ISA_USAGE = YES_ERROR;
				CLANG_WARN_DOCUMENTATION_COMMENTS = YES;
				CLANG_WARN_EMPTY_BODY = YES;
				CLANG_WARN_ENUM_CONVERSION = YES;
				CLANG_WARN_INFINITE_RECURSION = YES;
				CLANG_WARN_INT_CONVERSION = YES;
				CLANG_WARN_NON_LITERAL_NULL_CONVERSION = YES;
				CLANG_WARN_OBJC_IMPLICIT_RETAIN_SELF = YES;
				CLANG_WARN_OBJC_LITERAL_CONVERSION = YES;
				CLANG_WARN_OBJC_ROOT_CLASS = YES_ERROR;
				CLANG_WARN_QUOTED_INCLUDE_IN_FRAMEWORK_HEADER = YES;
				CLANG_WARN_RANGE_LOOP_ANALYSIS = YES;
				CLANG_WARN_STRICT_PROTOTYPES = YES;
				CLANG_WARN_SUSPICIOUS_MOVE = YES;
				CLANG_WARN_UNGUARDED_AVAILABILITY = YES_AGGRESSIVE;
				CLANG_WARN_UNREACHABLE_CODE = YES;
				CLANG_WARN__DUPLICATE_METHOD_MATCH = YES;
				COPY_PHASE_STRIP = NO;
				DEBUG_INFORMATION_FORMAT = "dwarf-with-dsym";
				ENABLE_NS_ASSERTIONS = NO;
				ENABLE_STRICT_OBJC_MSGSEND = YES;
				GCC_C_LANGUAGE_STANDARD = gnu11;
				GCC_NO_COMMON_BLOCKS = YES;
				GCC_WARN_64_TO_32_BIT_CONVERSION = YES;
				GCC_WARN_ABOUT_RETURN_TYPE = YES_ERROR;
				GCC_WARN_UNDECLARED_SELECTOR = YES;
				GCC_WARN_UNINITIALIZED_AUTOS = YES_AGGRESSIVE;
				GCC_WARN_UNUSED_FUNCTION = YES;
				GCC_WARN_UNUSED_VARIABLE = YES;
				IPHONEOS_DEPLOYMENT_TARGET = 14.2;
				MTL_ENABLE_DEBUG_INFO = NO;
				MTL_FAST_MATH = YES;
				SDKROOT = iphoneos;
				SWIFT_COMPILATION_MODE = wholemodule;
				SWIFT_OPTIMIZATION_LEVEL = "-O";
				VALIDATE_PRODUCT = YES;
			};
			name = Release;
		};
		69E963A6257B521700FC9925 /* Debug */ = {
			isa = XCBuildConfiguration;
			buildSettings = {
				ASSETCATALOG_COMPILER_APPICON_NAME = AppIcon;
				ASSETCATALOG_COMPILER_GLOBAL_ACCENT_COLOR_NAME = AccentColor;
				CODE_SIGN_STYLE = Automatic;
				DEVELOPMENT_ASSET_PATHS = "\"LetMeKnowMyIDFA/Preview Content\"";
				DEVELOPMENT_TEAM = K5T37M7ZUW;
				ENABLE_PREVIEWS = YES;
				INFOPLIST_FILE = LetMeKnowMyIDFA/Info.plist;
				IPHONEOS_DEPLOYMENT_TARGET = 14.0;
				LD_RUNPATH_SEARCH_PATHS = (
					"$(inherited)",
					"@executable_path/Frameworks",
				);
				PRODUCT_BUNDLE_IDENTIFIER = com.gigmuster.LetMeKnowMyIDFA;
				PRODUCT_NAME = "$(TARGET_NAME)";
				SWIFT_VERSION = 5.0;
				TARGETED_DEVICE_FAMILY = "1,2";
			};
			name = Debug;
		};
		69E963A7257B521700FC9925 /* Release */ = {
			isa = XCBuildConfiguration;
			buildSettings = {
				ASSETCATALOG_COMPILER_APPICON_NAME = AppIcon;
				ASSETCATALOG_COMPILER_GLOBAL_ACCENT_COLOR_NAME = AccentColor;
				CODE_SIGN_STYLE = Automatic;
				DEVELOPMENT_ASSET_PATHS = "\"LetMeKnowMyIDFA/Preview Content\"";
				DEVELOPMENT_TEAM = K5T37M7ZUW;
				ENABLE_PREVIEWS = YES;
				INFOPLIST_FILE = LetMeKnowMyIDFA/Info.plist;
				IPHONEOS_DEPLOYMENT_TARGET = 14.0;
				LD_RUNPATH_SEARCH_PATHS = (
					"$(inherited)",
					"@executable_path/Frameworks",
				);
				PRODUCT_BUNDLE_IDENTIFIER = com.gigmuster.LetMeKnowMyIDFA;
				PRODUCT_NAME = "$(TARGET_NAME)";
				SWIFT_VERSION = 5.0;
				TARGETED_DEVICE_FAMILY = "1,2";
			};
			name = Release;
		};
/* End XCBuildConfiguration section */

/* Begin XCConfigurationList section */
		69E96391257B521500FC9925 /* Build configuration list for PBXProject "LetMeKnowMyIDFA" */ = {
			isa = XCConfigurationList;
			buildConfigurations = (
				69E963A3257B521700FC9925 /* Debug */,
				69E963A4257B521700FC9925 /* Release */,
			);
			defaultConfigurationIsVisible = 0;
			defaultConfigurationName = Release;
		};
		69E963A5257B521700FC9925 /* Build configuration list for PBXNativeTarget "LetMeKnowMyIDFA" */ = {
			isa = XCConfigurationList;
			buildConfigurations = (
				69E963A6257B521700FC9925 /* Debug */,
				69E963A7257B521700FC9925 /* Release */,
			);
			defaultConfigurationIsVisible = 0;
			defaultConfigurationName = Release;
		};
/* End XCConfigurationList section */
	};
	rootObject = 69E9638E257B521500FC9925 /* Project object */;
}
